# This file is automatically @generated by Cargo.
# It is not intended for manual editing.
version = 4

[[package]]
name = "rally-core"
version = "0.1.0"
source = "git+https://github.com/giodl73-repo/RALLY.git#f64d8d4a5a04d8890ebcb9448ce28eb4f25861e7"

[[package]]
name = "tigris-sim"
version = "0.1.0"
dependencies = [
 "rally-core",
]
