# This file is automatically @generated by Cargo.
# It is not intended for manual editing.
version = 4

[[package]]
name = "rally-core"
version = "0.1.0"
source = "git+https://github.com/giodl73-repo/RALLY.git#0ff4245b2f9f06e19425562adb35fb6ac37ad039"

[[package]]
name = "tigris-sim"
version = "0.1.0"
dependencies = [
 "rally-core",
]
