# This file is automatically @generated by Cargo.
# It is not intended for manual editing.
version = 4

[[package]]
name = "muddle-amaze-spike"
version = "0.1.0"
source = "git+https://github.com/giodl73-repo/MUDDLE.git#cf1dbfe9abbce2f93629c05020ad01855d9e6598"
dependencies = [
 "muddle-core",
]

[[package]]
name = "muddle-banish-spike"
version = "0.1.0"
source = "git+https://github.com/giodl73-repo/MUDDLE.git#cf1dbfe9abbce2f93629c05020ad01855d9e6598"
dependencies = [
 "muddle-core",
]

[[package]]
name = "muddle-cli"
version = "0.1.0"
source = "git+https://github.com/giodl73-repo/MUDDLE.git#cf1dbfe9abbce2f93629c05020ad01855d9e6598"
dependencies = [
 "muddle-amaze-spike",
 "muddle-banish-spike",
 "muddle-core",
 "muddle-mock-sim",
]

[[package]]
name = "muddle-core"
version = "0.1.0"
source = "git+https://github.com/giodl73-repo/MUDDLE.git#cf1dbfe9abbce2f93629c05020ad01855d9e6598"

[[package]]
name = "muddle-mock-sim"
version = "0.1.0"
source = "git+https://github.com/giodl73-repo/MUDDLE.git#cf1dbfe9abbce2f93629c05020ad01855d9e6598"
dependencies = [
 "muddle-core",
]

[[package]]
name = "muddle-window"
version = "0.1.0"
source = "git+https://github.com/giodl73-repo/MUDDLE.git#cf1dbfe9abbce2f93629c05020ad01855d9e6598"
dependencies = [
 "muddle-amaze-spike",
 "muddle-banish-spike",
 "muddle-cli",
 "muddle-core",
 "muddle-mock-sim",
]

[[package]]
name = "rally-core"
version = "0.1.0"
source = "git+https://github.com/giodl73-repo/RALLY.git#c2e4252c0b99999d7fed34345fe5dea969e9aff7"

[[package]]
name = "tigris-sim"
version = "0.1.0"
dependencies = [
 "muddle-cli",
 "muddle-core",
 "muddle-window",
 "rally-core",
]
